
Microsoft Visual Studio Solution File, Format Version 12.00
# Visual Studio Version 17
VisualStudioVersion = 17.8.34309.116
MinimumVisualStudioVersion = 10.0.40219.1
Project("{FAE04EC0-301F-11D3-BF4B-00C04F79EFBC}") = "WPF_Animation_UI", "WPF_Animation_UI.csproj", "{2495177D-9984-4724-AED1-C3D5C1678727}"
EndProject
Global
	GlobalSection(SolutionConfigurationPlatforms) = preSolution
		Debug|Any CPU = Debug|Any CPU
		Release|Any CPU = Release|Any CPU
	EndGlobalSection
	GlobalSection(ProjectConfigurationPlatforms) = postSolution
		{2495177D-9984-4724-AED1-C3D5C1678727}.Debug|Any CPU.ActiveCfg = Debug|Any CPU
		{2495177D-9984-4724-AED1-C3D5C1678727}.Debug|Any CPU.Build.0 = Debug|Any CPU
		{2495177D-9984-4724-AED1-C3D5C1678727}.Release|Any CPU.ActiveCfg = Release|Any CPU
		{2495177D-9984-4724-AED1-C3D5C1678727}.Release|Any CPU.Build.0 = Release|Any CPU
	EndGlobalSection
	GlobalSection(SolutionProperties) = preSolution
		HideSolutionNode = FALSE
	EndGlobalSection
	GlobalSection(ExtensibilityGlobals) = postSolution
		SolutionGuid = {BB303A5E-E625-453E-8303-76E2E7EE76A9}
	EndGlobalSection
EndGlobal
